<?xml version="1.0" encoding="utf-8"?>
<Project ToolsVersion="4.0" xmlns="http://schemas.microsoft.com/developer/msbuild/2003">
  <ItemGroup>
    <Filter Include="リソース ファイル">
      <UniqueIdentifier>{67DA6AB6-F800-4c08-8B7A-83BB121AAD01}</UniqueIdentifier>
      <Extensions>rc;ico;cur;bmp;dlg;rc2;rct;bin;rgs;gif;jpg;jpeg;jpe;resx;tiff;tif;png;wav;mfcribbon-ms</Extensions>
    </Filter>
    <Filter Include="engine">
      <UniqueIdentifier>{30ceff25-c141-4a8d-b3b1-e6a08b767b54}</UniqueIdentifier>
    </Filter>
    <Filter Include="engine\gameobject">
      <UniqueIdentifier>{1e49f262-e545-4f26-847c-13deba265654}</UniqueIdentifier>
    </Filter>
    <Filter Include="engine\gameobject\camera">
      <UniqueIdentifier>{0eee5c2f-ef5e-46dc-b417-c21c639e6dec}</UniqueIdentifier>
    </Filter>
    <Filter Include="engine\lib">
      <UniqueIdentifier>{eb28ca89-64e6-410b-acb2-bb8a14682a58}</UniqueIdentifier>
    </Filter>
    <Filter Include="engine\lib\imgui">
      <UniqueIdentifier>{7dbd98de-b768-4ad6-9a90-0032d2969390}</UniqueIdentifier>
    </Filter>
    <Filter Include="engine\pch">
      <UniqueIdentifier>{7c5bff49-3c5b-47e2-8b79-2be4c750b247}</UniqueIdentifier>
    </Filter>
    <Filter Include="engine\scene">
      <UniqueIdentifier>{9aec4e71-563f-4215-b324-765b6120e24f}</UniqueIdentifier>
    </Filter>
    <Filter Include="engine\shader">
      <UniqueIdentifier>{a7f62321-1788-4f7f-a891-2e2108a1de70}</UniqueIdentifier>
    </Filter>
    <Filter Include="engine\shader\compute">
      <UniqueIdentifier>{22374b91-7ee8-4782-813e-c8889f06c0cb}</UniqueIdentifier>
    </Filter>
    <Filter Include="game">
      <UniqueIdentifier>{6aae6905-cb00-4bdc-817e-a61602b0fc8d}</UniqueIdentifier>
    </Filter>
    <Filter Include="game\scene">
      <UniqueIdentifier>{8b17ada4-81f8-40a9-b43b-15f3678fb6d0}</UniqueIdentifier>
    </Filter>
    <Filter Include="game\shader">
      <UniqueIdentifier>{e0972b61-d153-4458-8835-2a991d0a4a49}</UniqueIdentifier>
    </Filter>
    <Filter Include="game\shader\vertex fragment">
      <UniqueIdentifier>{58146ecd-8ef2-489a-bc87-e81398736d55}</UniqueIdentifier>
    </Filter>
    <Filter Include="engine\shader\vertex fragment">
      <UniqueIdentifier>{1d9ea64a-e77b-45c8-be1c-409656361c1c}</UniqueIdentifier>
    </Filter>
    <Filter Include="game\shader\compute">
      <UniqueIdentifier>{b07baf6f-652c-4859-8b2e-7c3f75d54fbc}</UniqueIdentifier>
    </Filter>
    <Filter Include="game\gameobject">
      <UniqueIdentifier>{e720be86-36f7-4748-a633-cddcad81b382}</UniqueIdentifier>
    </Filter>
    <Filter Include="game\gameobject\camera">
      <UniqueIdentifier>{d08739b7-c724-4b2c-98e7-a8c53dce744b}</UniqueIdentifier>
    </Filter>
    <Filter Include="game\gameobject\ui">
      <UniqueIdentifier>{9f38cf4b-12c5-4168-a754-414e9f1e1da5}</UniqueIdentifier>
    </Filter>
    <Filter Include="engine\shader\vertex fragment\normal">
      <UniqueIdentifier>{d2bdaa46-9615-41bc-bb1b-9721ee576514}</UniqueIdentifier>
    </Filter>
    <Filter Include="game\shader\vertex fragment\normal">
      <UniqueIdentifier>{dd40ac65-47e2-44e0-bf46-ecb42c9a5a4b}</UniqueIdentifier>
    </Filter>
    <Filter Include="engine\shader\vertex fragment\preprocess">
      <UniqueIdentifier>{ed9feec3-b994-4d03-b81c-b9ad22b1ae13}</UniqueIdentifier>
    </Filter>
    <Filter Include="engine\collision">
      <UniqueIdentifier>{206237fb-bdab-4c82-8116-d77ef2329d57}</UniqueIdentifier>
    </Filter>
    <Filter Include="game\shader\vertex fragment\preprocess">
      <UniqueIdentifier>{3b70d673-fb30-4be5-b554-60b1e1cb1c22}</UniqueIdentifier>
    </Filter>
    <Filter Include="game\gameobject\portal">
      <UniqueIdentifier>{ef2ea58d-1aa9-4aba-a351-f1d748cf3ce5}</UniqueIdentifier>
    </Filter>
  </ItemGroup>
  <ItemGroup>
    <ClCompile Include="renderer.cpp">
      <Filter>engine</Filter>
    </ClCompile>
    <ClCompile Include="manager.cpp">
      <Filter>engine</Filter>
    </ClCompile>
    <ClCompile Include="billboard.cpp">
      <Filter>engine\gameobject</Filter>
    </ClCompile>
    <ClCompile Include="dxmath_operator.cpp">
      <Filter>engine\lib</Filter>
    </ClCompile>
    <ClCompile Include="pch.cpp">
      <Filter>engine\pch</Filter>
    </ClCompile>
    <ClCompile Include="imgui.cpp">
      <Filter>engine\lib\imgui</Filter>
    </ClCompile>
    <ClCompile Include="imgui_demo.cpp">
      <Filter>engine\lib\imgui</Filter>
    </ClCompile>
    <ClCompile Include="imgui_draw.cpp">
      <Filter>engine\lib\imgui</Filter>
    </ClCompile>
    <ClCompile Include="imgui_widgets.cpp">
      <Filter>engine\lib\imgui</Filter>
    </ClCompile>
    <ClCompile Include="imgui_impl_dx11.cpp">
      <Filter>engine\lib\imgui</Filter>
    </ClCompile>
    <ClCompile Include="imgui_impl_win32.cpp">
      <Filter>engine\lib\imgui</Filter>
    </ClCompile>
    <ClCompile Include="input.cpp">
      <Filter>engine\lib</Filter>
    </ClCompile>
    <ClCompile Include="audio.cpp">
      <Filter>engine\lib</Filter>
    </ClCompile>
    <ClCompile Include="modelmanager.cpp">
      <Filter>engine\lib</Filter>
    </ClCompile>
    <ClCompile Include="model.cpp">
      <Filter>engine\lib</Filter>
    </ClCompile>
    <ClCompile Include="custommath.cpp">
      <Filter>engine\lib</Filter>
    </ClCompile>
    <ClCompile Include="rendertexture.cpp">
      <Filter>engine\lib</Filter>
    </ClCompile>
    <ClCompile Include="polygon.cpp">
      <Filter>engine\lib</Filter>
    </ClCompile>
    <ClCompile Include="camera.cpp">
      <Filter>engine\gameobject\camera</Filter>
    </ClCompile>
    <ClCompile Include="scenegame.cpp">
      <Filter>game\scene</Filter>
    </ClCompile>
    <ClCompile Include="scenetitle.cpp">
      <Filter>game\scene</Filter>
    </ClCompile>
    <ClCompile Include="uishader.cpp">
      <Filter>engine\shader\vertex fragment\normal</Filter>
    </ClCompile>
    <ClCompile Include="basiclightshader.cpp">
      <Filter>engine\shader\vertex fragment\normal</Filter>
    </ClCompile>
    <ClCompile Include="minimapshader.cpp">
      <Filter>game\shader\vertex fragment\normal</Filter>
    </ClCompile>
    <ClCompile Include="fpscamera.cpp">
      <Filter>game\gameobject\camera</Filter>
    </ClCompile>
    <ClCompile Include="topdowncamera.cpp">
      <Filter>game\gameobject\camera</Filter>
    </ClCompile>
    <ClCompile Include="fade.cpp">
      <Filter>game\gameobject\ui</Filter>
    </ClCompile>
    <ClCompile Include="player.cpp">
      <Filter>game\gameobject</Filter>
    </ClCompile>
    <ClCompile Include="terrain.cpp">
      <Filter>game\gameobject</Filter>
    </ClCompile>
    <ClCompile Include="minimap.cpp">
      <Filter>game\gameobject\ui</Filter>
    </ClCompile>
    <ClCompile Include="sprite.cpp">
      <Filter>engine\gameobject</Filter>
    </ClCompile>
    <ClCompile Include="main.cpp">
      <Filter>engine</Filter>
    </ClCompile>
    <ClCompile Include="lineshader.cpp">
      <Filter>engine\shader\vertex fragment\normal</Filter>
    </ClCompile>
    <ClCompile Include="frustumculling.cpp">
      <Filter>engine\lib</Filter>
    </ClCompile>
    <ClCompile Include="light.cpp">
      <Filter>engine\lib</Filter>
    </ClCompile>
    <ClCompile Include="computeshader.cpp">
      <Filter>engine\shader\compute</Filter>
    </ClCompile>
    <ClCompile Include="skinningcs.cpp">
      <Filter>game\shader\compute</Filter>
    </ClCompile>
    <ClCompile Include="depthfromlightshader.cpp">
      <Filter>engine\shader\vertex fragment\preprocess</Filter>
    </ClCompile>
    <ClCompile Include="portalshader.cpp">
      <Filter>game\shader\vertex fragment\normal</Filter>
    </ClCompile>
    <ClCompile Include="polygoncollider.cpp">
      <Filter>engine\collision</Filter>
    </ClCompile>
    <ClCompile Include="instancingshader.cpp">
      <Filter>engine\shader\vertex fragment\normal</Filter>
    </ClCompile>
    <ClCompile Include="stage.cpp">
      <Filter>game\gameobject</Filter>
    </ClCompile>
    <ClCompile Include="titlecamera.cpp">
      <Filter>game\gameobject\camera</Filter>
    </ClCompile>
    <ClCompile Include="cube.cpp">
      <Filter>game\gameobject</Filter>
    </ClCompile>
    <ClCompile Include="stencilonlyshader.cpp">
      <Filter>game\shader\vertex fragment\preprocess</Filter>
    </ClCompile>
    <ClCompile Include="obbcollider.cpp">
      <Filter>engine\collision</Filter>
    </ClCompile>
    <ClCompile Include="collision.cpp">
      <Filter>engine\collision</Filter>
    </ClCompile>
    <ClCompile Include="debug.cpp">
      <Filter>engine\lib</Filter>
    </ClCompile>
    <ClCompile Include="portalstencilshader.cpp">
      <Filter>game\shader\vertex fragment\normal</Filter>
    </ClCompile>
    <ClCompile Include="portalmanager.cpp">
      <Filter>game\gameobject\portal</Filter>
    </ClCompile>
    <ClCompile Include="portalstencil.cpp">
      <Filter>game\gameobject\portal</Filter>
    </ClCompile>
    <ClCompile Include="portalrendertexture.cpp">
      <Filter>game\gameobject\portal</Filter>
    </ClCompile>
    <ClCompile Include="portal.cpp">
      <Filter>game\gameobject\portal</Filter>
    </ClCompile>
  </ItemGroup>
  <ItemGroup>
    <ClInclude Include="renderer.h">
      <Filter>engine</Filter>
    </ClInclude>
    <ClInclude Include="manager.h">
      <Filter>engine</Filter>
    </ClInclude>
    <ClInclude Include="billboard.h">
      <Filter>engine\gameobject</Filter>
    </ClInclude>
    <ClInclude Include="dxmath_operator.h">
      <Filter>engine\lib</Filter>
    </ClInclude>
    <ClInclude Include="pch.h">
      <Filter>engine\pch</Filter>
    </ClInclude>
    <ClInclude Include="scene.h">
      <Filter>engine\scene</Filter>
    </ClInclude>
    <ClInclude Include="imstb_truetype.h">
      <Filter>engine\lib\imgui</Filter>
    </ClInclude>
    <ClInclude Include="imconfig.h">
      <Filter>engine\lib\imgui</Filter>
    </ClInclude>
    <ClInclude Include="imgui.h">
      <Filter>engine\lib\imgui</Filter>
    </ClInclude>
    <ClInclude Include="imgui_internal.h">
      <Filter>engine\lib\imgui</Filter>
    </ClInclude>
    <ClInclude Include="imstb_rectpack.h">
      <Filter>engine\lib\imgui</Filter>
    </ClInclude>
    <ClInclude Include="imstb_textedit.h">
      <Filter>engine\lib\imgui</Filter>
    </ClInclude>
    <ClInclude Include="imgui_impl_dx11.h">
      <Filter>engine\lib\imgui</Filter>
    </ClInclude>
    <ClInclude Include="imgui_impl_win32.h">
      <Filter>engine\lib\imgui</Filter>
    </ClInclude>
    <ClInclude Include="input.h">
      <Filter>engine\lib</Filter>
    </ClInclude>
    <ClInclude Include="audio.h">
      <Filter>engine\lib</Filter>
    </ClInclude>
    <ClInclude Include="gameobject.h">
      <Filter>engine\gameobject</Filter>
    </ClInclude>
    <ClInclude Include="modelmanager.h">
      <Filter>engine\lib</Filter>
    </ClInclude>
    <ClInclude Include="model.h">
      <Filter>engine\lib</Filter>
    </ClInclude>
    <ClInclude Include="custommath.h">
      <Filter>engine\lib</Filter>
    </ClInclude>
    <ClInclude Include="rendertexture.h">
      <Filter>engine\lib</Filter>
    </ClInclude>
    <ClInclude Include="polygon.h">
      <Filter>engine\lib</Filter>
    </ClInclude>
    <ClInclude Include="camera.h">
      <Filter>engine\gameobject\camera</Filter>
    </ClInclude>
    <ClInclude Include="scenegame.h">
      <Filter>game\scene</Filter>
    </ClInclude>
    <ClInclude Include="scenetitle.h">
      <Filter>game\scene</Filter>
    </ClInclude>
    <ClInclude Include="shader.h">
      <Filter>engine\shader\vertex fragment\normal</Filter>
    </ClInclude>
    <ClInclude Include="uishader.h">
      <Filter>engine\shader\vertex fragment\normal</Filter>
    </ClInclude>
    <ClInclude Include="basiclightshader.h">
      <Filter>engine\shader\vertex fragment\normal</Filter>
    </ClInclude>
    <ClInclude Include="minimapshader.h">
      <Filter>game\shader\vertex fragment\normal</Filter>
    </ClInclude>
    <ClInclude Include="fpscamera.h">
      <Filter>game\gameobject\camera</Filter>
    </ClInclude>
    <ClInclude Include="topdowncamera.h">
      <Filter>game\gameobject\camera</Filter>
    </ClInclude>
    <ClInclude Include="fade.h">
      <Filter>game\gameobject\ui</Filter>
    </ClInclude>
    <ClInclude Include="player.h">
      <Filter>game\gameobject</Filter>
    </ClInclude>
    <ClInclude Include="terrain.h">
      <Filter>game\gameobject</Filter>
    </ClInclude>
    <ClInclude Include="minimap.h">
      <Filter>game\gameobject\ui</Filter>
    </ClInclude>
    <ClInclude Include="sprite.h">
      <Filter>engine\gameobject</Filter>
    </ClInclude>
    <ClInclude Include="main.h">
      <Filter>engine</Filter>
    </ClInclude>
    <ClInclude Include="lineshader.h">
      <Filter>engine\shader\vertex fragment\normal</Filter>
    </ClInclude>
    <ClInclude Include="frustumculling.h">
      <Filter>engine\lib</Filter>
    </ClInclude>
    <ClInclude Include="light.h">
      <Filter>engine\lib</Filter>
    </ClInclude>
    <ClInclude Include="computeshader.h">
      <Filter>engine\shader\compute</Filter>
    </ClInclude>
    <ClInclude Include="skinningcs.h">
      <Filter>game\shader\compute</Filter>
    </ClInclude>
    <ClInclude Include="depthfromlightshader.h">
      <Filter>engine\shader\vertex fragment\preprocess</Filter>
    </ClInclude>
    <ClInclude Include="portalshader.h">
      <Filter>game\shader\vertex fragment\normal</Filter>
    </ClInclude>
    <ClInclude Include="polygoncollider.h">
      <Filter>engine\collision</Filter>
    </ClInclude>
    <ClInclude Include="instancingshader.h">
      <Filter>engine\shader\vertex fragment\normal</Filter>
    </ClInclude>
    <ClInclude Include="stage.h">
      <Filter>game\gameobject</Filter>
    </ClInclude>
    <ClInclude Include="titlecamera.h">
      <Filter>game\gameobject\camera</Filter>
    </ClInclude>
    <ClInclude Include="pass.h">
      <Filter>engine\lib</Filter>
    </ClInclude>
    <ClInclude Include="cube.h">
      <Filter>game\gameobject</Filter>
    </ClInclude>
    <ClInclude Include="stencilonlyshader.h">
      <Filter>game\shader\vertex fragment\preprocess</Filter>
    </ClInclude>
    <ClInclude Include="obbcollider.h">
      <Filter>engine\collision</Filter>
    </ClInclude>
    <ClInclude Include="collision.h">
      <Filter>engine\collision</Filter>
    </ClInclude>
    <ClInclude Include="debug.h">
      <Filter>engine\lib</Filter>
    </ClInclude>
    <ClInclude Include="portalstencilshader.h">
      <Filter>game\shader\vertex fragment\normal</Filter>
    </ClInclude>
    <ClInclude Include="portalmanager.h">
      <Filter>game\gameobject\portal</Filter>
    </ClInclude>
    <ClInclude Include="portalstencil.h">
      <Filter>game\gameobject\portal</Filter>
    </ClInclude>
    <ClInclude Include="portaltraveler.h">
      <Filter>game\gameobject\portal</Filter>
    </ClInclude>
    <ClInclude Include="portalrendertexture.h">
      <Filter>game\gameobject\portal</Filter>
    </ClInclude>
    <ClInclude Include="portal.h">
      <Filter>game\gameobject\portal</Filter>
    </ClInclude>
  </ItemGroup>
  <ItemGroup>
    <FxCompile Include="basiclight_ps.hlsl">
      <Filter>engine\shader\vertex fragment\normal</Filter>
    </FxCompile>
    <FxCompile Include="basiclight_vs.hlsl">
      <Filter>engine\shader\vertex fragment\normal</Filter>
    </FxCompile>
    <FxCompile Include="line_ps.hlsl">
      <Filter>engine\shader\vertex fragment\normal</Filter>
    </FxCompile>
    <FxCompile Include="line_vs.hlsl">
      <Filter>engine\shader\vertex fragment\normal</Filter>
    </FxCompile>
    <FxCompile Include="ui_ps.hlsl">
      <Filter>engine\shader\vertex fragment\normal</Filter>
    </FxCompile>
    <FxCompile Include="ui_vs.hlsl">
      <Filter>engine\shader\vertex fragment\normal</Filter>
    </FxCompile>
    <FxCompile Include="skinning_compute.hlsl">
      <Filter>game\shader\compute</Filter>
    </FxCompile>
    <FxCompile Include="minimap_ps.hlsl">
      <Filter>game\shader\vertex fragment\normal</Filter>
    </FxCompile>
    <FxCompile Include="minimap_vs.hlsl">
      <Filter>game\shader\vertex fragment\normal</Filter>
    </FxCompile>
    <FxCompile Include="depthfromlight_ps.hlsl">
      <Filter>engine\shader\vertex fragment\preprocess</Filter>
    </FxCompile>
    <FxCompile Include="depthfromlight_vs.hlsl">
      <Filter>engine\shader\vertex fragment\preprocess</Filter>
    </FxCompile>
    <FxCompile Include="portal_ps.hlsl">
      <Filter>game\shader\vertex fragment\normal</Filter>
    </FxCompile>
    <FxCompile Include="portal_vs.hlsl">
      <Filter>game\shader\vertex fragment\normal</Filter>
    </FxCompile>
    <FxCompile Include="instancing_vs.hlsl">
      <Filter>engine\shader\vertex fragment\normal</Filter>
    </FxCompile>
    <FxCompile Include="instancing_ps.hlsl">
      <Filter>engine\shader\vertex fragment\normal</Filter>
    </FxCompile>
    <FxCompile Include="stencilonly_ps.hlsl">
      <Filter>game\shader\vertex fragment\preprocess</Filter>
    </FxCompile>
    <FxCompile Include="stencilonly_vs.hlsl">
      <Filter>game\shader\vertex fragment\preprocess</Filter>
    </FxCompile>
    <FxCompile Include="portalstencil_ps.hlsl">
      <Filter>game\shader\vertex fragment\normal</Filter>
    </FxCompile>
    <FxCompile Include="portalstencil_vs.hlsl">
      <Filter>game\shader\vertex fragment\normal</Filter>
    </FxCompile>
  </ItemGroup>
</Project>