<?xml version="1.0" encoding="utf-8"?>
<Project ToolsVersion="4.0" xmlns="http://schemas.microsoft.com/developer/msbuild/2003">
  <ItemGroup>
    <Filter Include="ソース ファイル">
      <UniqueIdentifier>{4FC737F1-C7A5-4376-A066-2A32D752A2FF}</UniqueIdentifier>
      <Extensions>cpp;c;cc;cxx;def;odl;idl;hpj;bat;asm;asmx</Extensions>
    </Filter>
    <Filter Include="ヘッダー ファイル">
      <UniqueIdentifier>{93995380-89BD-4b04-88EB-625FBE52EBFB}</UniqueIdentifier>
      <Extensions>h;hh;hpp;hxx;hm;inl;inc;ipp;xsd</Extensions>
    </Filter>
    <Filter Include="リソース ファイル">
      <UniqueIdentifier>{67DA6AB6-F800-4c08-8B7A-83BB121AAD01}</UniqueIdentifier>
      <Extensions>rc;ico;cur;bmp;dlg;rc2;rct;bin;rgs;gif;jpg;jpeg;jpe;resx;tiff;tif;png;wav;mfcribbon-ms</Extensions>
    </Filter>
    <Filter Include="shader">
      <UniqueIdentifier>{a7f62321-1788-4f7f-a891-2e2108a1de70}</UniqueIdentifier>
    </Filter>
    <Filter Include="engine">
      <UniqueIdentifier>{30ceff25-c141-4a8d-b3b1-e6a08b767b54}</UniqueIdentifier>
    </Filter>
    <Filter Include="lib">
      <UniqueIdentifier>{eb28ca89-64e6-410b-acb2-bb8a14682a58}</UniqueIdentifier>
    </Filter>
    <Filter Include="pch">
      <UniqueIdentifier>{7c5bff49-3c5b-47e2-8b79-2be4c750b247}</UniqueIdentifier>
    </Filter>
    <Filter Include="gameobject">
      <UniqueIdentifier>{1e49f262-e545-4f26-847c-13deba265654}</UniqueIdentifier>
    </Filter>
    <Filter Include="scene">
      <UniqueIdentifier>{9aec4e71-563f-4215-b324-765b6120e24f}</UniqueIdentifier>
    </Filter>
    <Filter Include="lib\imgui">
      <UniqueIdentifier>{7dbd98de-b768-4ad6-9a90-0032d2969390}</UniqueIdentifier>
    </Filter>
  </ItemGroup>
  <ItemGroup>
    <ClCompile Include="renderer.cpp">
      <Filter>engine</Filter>
    </ClCompile>
    <ClCompile Include="input.cpp">
      <Filter>engine</Filter>
    </ClCompile>
    <ClCompile Include="main.cpp">
      <Filter>engine</Filter>
    </ClCompile>
    <ClCompile Include="manager.cpp">
      <Filter>engine</Filter>
    </ClCompile>
    <ClCompile Include="model.cpp">
      <Filter>engine</Filter>
    </ClCompile>
    <ClCompile Include="field.cpp">
      <Filter>gameobject</Filter>
    </ClCompile>
    <ClCompile Include="player.cpp">
      <Filter>gameobject</Filter>
    </ClCompile>
    <ClCompile Include="polygon.cpp">
      <Filter>gameobject</Filter>
    </ClCompile>
    <ClCompile Include="bullet.cpp">
      <Filter>gameobject</Filter>
    </ClCompile>
    <ClCompile Include="billboard.cpp">
      <Filter>gameobject</Filter>
    </ClCompile>
    <ClCompile Include="fpscamera.cpp">
      <Filter>gameobject</Filter>
    </ClCompile>
    <ClCompile Include="dxmath_operator.cpp">
      <Filter>lib</Filter>
    </ClCompile>
    <ClCompile Include="pch.cpp">
      <Filter>pch</Filter>
    </ClCompile>
    <ClCompile Include="camera.cpp">
      <Filter>gameobject</Filter>
    </ClCompile>
    <ClCompile Include="scenetitle.cpp">
      <Filter>scene</Filter>
    </ClCompile>
    <ClCompile Include="scenegame.cpp">
      <Filter>scene</Filter>
    </ClCompile>
    <ClCompile Include="skybox.cpp">
      <Filter>gameobject</Filter>
    </ClCompile>
    <ClCompile Include="imgui.cpp">
      <Filter>lib\imgui</Filter>
    </ClCompile>
    <ClCompile Include="imgui_demo.cpp">
      <Filter>lib\imgui</Filter>
    </ClCompile>
    <ClCompile Include="imgui_draw.cpp">
      <Filter>lib\imgui</Filter>
    </ClCompile>
    <ClCompile Include="imgui_widgets.cpp">
      <Filter>lib\imgui</Filter>
    </ClCompile>
    <ClCompile Include="imgui_impl_dx11.cpp">
      <Filter>lib\imgui</Filter>
    </ClCompile>
    <ClCompile Include="imgui_impl_win32.cpp">
      <Filter>lib\imgui</Filter>
    </ClCompile>
  </ItemGroup>
  <ItemGroup>
    <ClInclude Include="renderer.h">
      <Filter>engine</Filter>
    </ClInclude>
    <ClInclude Include="input.h">
      <Filter>engine</Filter>
    </ClInclude>
    <ClInclude Include="main.h">
      <Filter>engine</Filter>
    </ClInclude>
    <ClInclude Include="manager.h">
      <Filter>engine</Filter>
    </ClInclude>
    <ClInclude Include="model.h">
      <Filter>engine</Filter>
    </ClInclude>
    <ClInclude Include="field.h">
      <Filter>gameobject</Filter>
    </ClInclude>
    <ClInclude Include="player.h">
      <Filter>gameobject</Filter>
    </ClInclude>
    <ClInclude Include="polygon.h">
      <Filter>gameobject</Filter>
    </ClInclude>
    <ClInclude Include="bullet.h">
      <Filter>gameobject</Filter>
    </ClInclude>
    <ClInclude Include="billboard.h">
      <Filter>gameobject</Filter>
    </ClInclude>
    <ClInclude Include="fpscamera.h">
      <Filter>gameobject</Filter>
    </ClInclude>
    <ClInclude Include="dxmath_operator.h">
      <Filter>lib</Filter>
    </ClInclude>
    <ClInclude Include="pch.h">
      <Filter>pch</Filter>
    </ClInclude>
    <ClInclude Include="gameObject.h">
      <Filter>gameobject</Filter>
    </ClInclude>
    <ClInclude Include="scene.h">
      <Filter>scene</Filter>
    </ClInclude>
    <ClInclude Include="camera.h">
      <Filter>gameobject</Filter>
    </ClInclude>
    <ClInclude Include="scenetitle.h">
      <Filter>scene</Filter>
    </ClInclude>
    <ClInclude Include="scenegame.h">
      <Filter>scene</Filter>
    </ClInclude>
    <ClInclude Include="skybox.h">
      <Filter>gameobject</Filter>
    </ClInclude>
    <ClInclude Include="imstb_truetype.h">
      <Filter>lib\imgui</Filter>
    </ClInclude>
    <ClInclude Include="imconfig.h">
      <Filter>lib\imgui</Filter>
    </ClInclude>
    <ClInclude Include="imgui.h">
      <Filter>lib\imgui</Filter>
    </ClInclude>
    <ClInclude Include="imgui_internal.h">
      <Filter>lib\imgui</Filter>
    </ClInclude>
    <ClInclude Include="imstb_rectpack.h">
      <Filter>lib\imgui</Filter>
    </ClInclude>
    <ClInclude Include="imstb_textedit.h">
      <Filter>lib\imgui</Filter>
    </ClInclude>
    <ClInclude Include="imgui_impl_dx11.h">
      <Filter>lib\imgui</Filter>
    </ClInclude>
    <ClInclude Include="imgui_impl_win32.h">
      <Filter>lib\imgui</Filter>
    </ClInclude>
  </ItemGroup>
  <ItemGroup>
    <FxCompile Include="basiclight_ps.hlsl">
      <Filter>shader</Filter>
    </FxCompile>
    <FxCompile Include="basiclight_vs.hlsl">
      <Filter>shader</Filter>
    </FxCompile>
    <FxCompile Include="specular_vs.hlsl">
      <Filter>shader</Filter>
    </FxCompile>
    <FxCompile Include="specular_ps.hlsl">
      <Filter>shader</Filter>
    </FxCompile>
  </ItemGroup>
</Project>